
Microsoft Visual Studio Solution File, Format Version 12.00
# Visual Studio Version 17
VisualStudioVersion = 17.0.32112.339
MinimumVisualStudioVersion = 10.0.40219.1
Project("{9A19103F-16F7-4668-BE54-9A1E7A4F7556}") = "SCClassicalPlanning", "SCClassicalPlanning\SCClassicalPlanning.csproj", "{F84D6B1A-801B-4C74-B214-231FE5B4B715}"
EndProject
Project("{9A19103F-16F7-4668-BE54-9A1E7A4F7556}") = "SCClassicalPlanning.Tests", "SCClassicalPlanning.Tests\SCClassicalPlanning.Tests.csproj", "{C14C6CF7-2A5C-4975-84D7-D5B6DDFFFC7C}"
EndProject
Project("{9A19103F-16F7-4668-BE54-9A1E7A4F7556}") = "SCClassicalPlanning.ExampleDomains", "SCClassicalPlanning.ExampleProblems\SCClassicalPlanning.ExampleDomains.csproj", "{F933F571-54C0-4D4E-A04D-E2DDE3B49311}"
EndProject
Project("{9A19103F-16F7-4668-BE54-9A1E7A4F7556}") = "SCClassicalPlanning.Benchmarks", "SCClassicalPlanning.Benchmarks\SCClassicalPlanning.Benchmarks.csproj", "{A839A7CD-BBC8-4454-A730-F033A0A2B860}"
EndProject
Project("{2150E333-8FDC-42A3-9474-1A3956D46DE8}") = "Solution Items", "Solution Items", "{B5ACFEC3-2BED-4BA8-809D-35D2AF01F917}"
	ProjectSection(SolutionItems) = preProject
		.editorconfig = .editorconfig
		..\.gitignore = ..\.gitignore
		Directory.Build.props = Directory.Build.props
		Directory.Build.targets = Directory.Build.targets
		..\README.md = ..\README.md
		..\LICENSE.txt = ..\LICENSE.txt
		SCClassicalPlanning.pdn = SCClassicalPlanning.pdn
		SCClassicalPlanning.png = SCClassicalPlanning.png
	EndProjectSection
EndProject
Project("{9A19103F-16F7-4668-BE54-9A1E7A4F7556}") = "SCClassicalPlanning.Alternatives", "SCClassicalPlanning.Alternatives\SCClassicalPlanning.Alternatives.csproj", "{5D3255D0-A98D-4244-A5AC-3B32D15421A6}"
EndProject
Global
	GlobalSection(SolutionConfigurationPlatforms) = preSolution
		Debug|Any CPU = Debug|Any CPU
		Release|Any CPU = Release|Any CPU
	EndGlobalSection
	GlobalSection(ProjectConfigurationPlatforms) = postSolution
		{F84D6B1A-801B-4C74-B214-231FE5B4B715}.Debug|Any CPU.ActiveCfg = Debug|Any CPU
		{F84D6B1A-801B-4C74-B214-231FE5B4B715}.Debug|Any CPU.Build.0 = Debug|Any CPU
		{F84D6B1A-801B-4C74-B214-231FE5B4B715}.Release|Any CPU.ActiveCfg = Release|Any CPU
		{F84D6B1A-801B-4C74-B214-231FE5B4B715}.Release|Any CPU.Build.0 = Release|Any CPU
		{C14C6CF7-2A5C-4975-84D7-D5B6DDFFFC7C}.Debug|Any CPU.ActiveCfg = Debug|Any CPU
		{C14C6CF7-2A5C-4975-84D7-D5B6DDFFFC7C}.Debug|Any CPU.Build.0 = Debug|Any CPU
		{C14C6CF7-2A5C-4975-84D7-D5B6DDFFFC7C}.Release|Any CPU.ActiveCfg = Release|Any CPU
		{C14C6CF7-2A5C-4975-84D7-D5B6DDFFFC7C}.Release|Any CPU.Build.0 = Release|Any CPU
		{F933F571-54C0-4D4E-A04D-E2DDE3B49311}.Debug|Any CPU.ActiveCfg = Debug|Any CPU
		{F933F571-54C0-4D4E-A04D-E2DDE3B49311}.Debug|Any CPU.Build.0 = Debug|Any CPU
		{F933F571-54C0-4D4E-A04D-E2DDE3B49311}.Release|Any CPU.ActiveCfg = Release|Any CPU
		{F933F571-54C0-4D4E-A04D-E2DDE3B49311}.Release|Any CPU.Build.0 = Release|Any CPU
		{A839A7CD-BBC8-4454-A730-F033A0A2B860}.Debug|Any CPU.ActiveCfg = Debug|Any CPU
		{A839A7CD-BBC8-4454-A730-F033A0A2B860}.Debug|Any CPU.Build.0 = Debug|Any CPU
		{A839A7CD-BBC8-4454-A730-F033A0A2B860}.Release|Any CPU.ActiveCfg = Release|Any CPU
		{A839A7CD-BBC8-4454-A730-F033A0A2B860}.Release|Any CPU.Build.0 = Release|Any CPU
		{5D3255D0-A98D-4244-A5AC-3B32D15421A6}.Debug|Any CPU.ActiveCfg = Debug|Any CPU
		{5D3255D0-A98D-4244-A5AC-3B32D15421A6}.Debug|Any CPU.Build.0 = Debug|Any CPU
		{5D3255D0-A98D-4244-A5AC-3B32D15421A6}.Release|Any CPU.ActiveCfg = Release|Any CPU
		{5D3255D0-A98D-4244-A5AC-3B32D15421A6}.Release|Any CPU.Build.0 = Release|Any CPU
	EndGlobalSection
	GlobalSection(SolutionProperties) = preSolution
		HideSolutionNode = FALSE
	EndGlobalSection
	GlobalSection(ExtensibilityGlobals) = postSolution
		SolutionGuid = {AFD18020-9685-40E1-851F-C8FDC11FD429}
	EndGlobalSection
EndGlobal
